
Microsoft Visual Studio Solution File, Format Version 12.00
# Visual Studio Version 16
VisualStudioVersion = 16.0.32510.428
MinimumVisualStudioVersion = 10.0.40219.1
Project("{FAE04EC0-301F-11D3-BF4B-00C04F79EFBC}") = "MotorsAndBatteries", "MotorsAndBatteries\MotorsAndBatteries.csproj", "{387C2DB4-F8D8-4D35-B247-B6CFD662C733}"
EndProject
Global
	GlobalSection(SolutionConfigurationPlatforms) = preSolution
		Debug|Any CPU = Debug|Any CPU
		Release|Any CPU = Release|Any CPU
	EndGlobalSection
	GlobalSection(ProjectConfigurationPlatforms) = postSolution
		{387C2DB4-F8D8-4D35-B247-B6CFD662C733}.Debug|Any CPU.ActiveCfg = Debug|Any CPU
		{387C2DB4-F8D8-4D35-B247-B6CFD662C733}.Debug|Any CPU.Build.0 = Debug|Any CPU
		{387C2DB4-F8D8-4D35-B247-B6CFD662C733}.Release|Any CPU.ActiveCfg = Release|Any CPU
		{387C2DB4-F8D8-4D35-B247-B6CFD662C733}.Release|Any CPU.Build.0 = Release|Any CPU
	EndGlobalSection
	GlobalSection(SolutionProperties) = preSolution
		HideSolutionNode = FALSE
	EndGlobalSection
	GlobalSection(ExtensibilityGlobals) = postSolution
		SolutionGuid = {2EBE5961-0DBB-4D33-97A3-103136856347}
	EndGlobalSection
EndGlobal
